// !$*UTF8*$!
{
	archiveVersion = 1;
	classes = {
	};
	objectVersion = 46;
	objects = {

/* Begin PBXBuildFile section */
		280A807217A99239006ECD5C /* TimelineCell.m in Sources */ = {isa = PBXBuildFile; fileRef = 280A807117A99239006ECD5C /* TimelineCell.m */; };
		280A807317A9B106006ECD5C /* ProjectsSidebarCell.m in Sources */ = {isa = PBXBuildFile; fileRef = F27A456D17A8382C003E9543 /* ProjectsSidebarCell.m */; };
		283C70C61802DF9100EB161E /* CoreServices.framework in Frameworks */ = {isa = PBXBuildFile; fileRef = 283C70C51802DF9100EB161E /* CoreServices.framework */; };
		283C70C81803067800EB161E /* Facebook.png in Resources */ = {isa = PBXBuildFile; fileRef = 283C70C71803067800EB161E /* Facebook.png */; };
		283C70CA1803074B00EB161E /* Photography.png in Resources */ = {isa = PBXBuildFile; fileRef = 283C70C91803074B00EB161E /* Photography.png */; };
		283C70CC1803092500EB161E /* YouTube.png in Resources */ = {isa = PBXBuildFile; fileRef = 283C70CB1803092500EB161E /* YouTube.png */; };
		283C70CE1803099100EB161E /* Reading Books.png in Resources */ = {isa = PBXBuildFile; fileRef = 283C70CD1803099100EB161E /* Reading Books.png */; };
		2854C27B17B691CC0090BD3E /* GetAppWindowName.txt in Resources */ = {isa = PBXBuildFile; fileRef = 2854C27A17B691CC0090BD3E /* GetAppWindowName.txt */; };
		2854C27D17B6970B0090BD3E /* GetBrowserUrl.txt in Resources */ = {isa = PBXBuildFile; fileRef = 2854C27C17B6970B0090BD3E /* GetBrowserUrl.txt */; };
		2854C28317B9B4110090BD3E /* PXSourceList.m in Sources */ = {isa = PBXBuildFile; fileRef = 2854C28017B9B4110090BD3E /* PXSourceList.m */; settings = {COMPILER_FLAGS = "-fno-objc-arc"; }; };
		2854C28F17BB95740090BD3E /* icons.icns in Resources */ = {isa = PBXBuildFile; fileRef = 2854C28E17BB95740090BD3E /* icons.icns */; };
		285C91781853BE73009C1F6C /* ProjectApp.m in Sources */ = {isa = PBXBuildFile; fileRef = 285C91771853BE73009C1F6C /* ProjectApp.m */; };
		289737E717A07CAF003B18D3 /* Cocoa.framework in Frameworks */ = {isa = PBXBuildFile; fileRef = 289737E617A07CAF003B18D3 /* Cocoa.framework */; };
		289737F117A07CAF003B18D3 /* InfoPlist.strings in Resources */ = {isa = PBXBuildFile; fileRef = 289737EF17A07CAF003B18D3 /* InfoPlist.strings */; };
		289737F317A07CAF003B18D3 /* main.m in Sources */ = {isa = PBXBuildFile; fileRef = 289737F217A07CAF003B18D3 /* main.m */; };
		289737F717A07CAF003B18D3 /* Credits.rtf in Resources */ = {isa = PBXBuildFile; fileRef = 289737F517A07CAF003B18D3 /* Credits.rtf */; };
		289737FA17A07CAF003B18D3 /* AppDelegate.m in Sources */ = {isa = PBXBuildFile; fileRef = 289737F917A07CAF003B18D3 /* AppDelegate.m */; };
		289737FD17A07CAF003B18D3 /* MainMenu.xib in Resources */ = {isa = PBXBuildFile; fileRef = 289737FB17A07CAF003B18D3 /* MainMenu.xib */; };
		2897380017A07CAF003B18D3 /* Time_Logger.xcdatamodeld in Sources */ = {isa = PBXBuildFile; fileRef = 289737FE17A07CAF003B18D3 /* Time_Logger.xcdatamodeld */; };
		2897380817A07CAF003B18D3 /* SenTestingKit.framework in Frameworks */ = {isa = PBXBuildFile; fileRef = 2897380717A07CAF003B18D3 /* SenTestingKit.framework */; };
		2897380917A07CAF003B18D3 /* Cocoa.framework in Frameworks */ = {isa = PBXBuildFile; fileRef = 289737E617A07CAF003B18D3 /* Cocoa.framework */; };
		2897381117A07CAF003B18D3 /* InfoPlist.strings in Resources */ = {isa = PBXBuildFile; fileRef = 2897380F17A07CAF003B18D3 /* InfoPlist.strings */; };
		2897381417A07CAF003B18D3 /* Time_LoggerTests.m in Sources */ = {isa = PBXBuildFile; fileRef = 2897381317A07CAF003B18D3 /* Time_LoggerTests.m */; };
		28A27AA418206BCE0071B1E2 /* RCLog.m in Sources */ = {isa = PBXBuildFile; fileRef = 28A27AA318206BCE0071B1E2 /* RCLog.m */; };
		28A27AAA1820717F0071B1E2 /* TimeLog.m in Sources */ = {isa = PBXBuildFile; fileRef = 28A27AA91820717F0071B1E2 /* TimeLog.m */; };
		28A27AAD1820717F0071B1E2 /* Client.m in Sources */ = {isa = PBXBuildFile; fileRef = 28A27AAC1820717F0071B1E2 /* Client.m */; };
		28A27AB01820717F0071B1E2 /* Project.m in Sources */ = {isa = PBXBuildFile; fileRef = 28A27AAF1820717F0071B1E2 /* Project.m */; };
		28A27AB318207C5B0071B1E2 /* AppDbInitialization.m in Sources */ = {isa = PBXBuildFile; fileRef = 28A27AB218207C5B0071B1E2 /* AppDbInitialization.m */; };
		28CFCCE717A582F5001511EF /* ProjectsSidebarViewController.m in Sources */ = {isa = PBXBuildFile; fileRef = 28CFCCE517A582F5001511EF /* ProjectsSidebarViewController.m */; };
		28CFCCE817A582F5001511EF /* ProjectsSidebar.xib in Resources */ = {isa = PBXBuildFile; fileRef = 28CFCCE617A582F5001511EF /* ProjectsSidebar.xib */; };
		28CFCCEC17A58F40001511EF /* AppDispatcher.m in Sources */ = {isa = PBXBuildFile; fileRef = 28CFCCEB17A58F40001511EF /* AppDispatcher.m */; };
		28CFCCF317A61D11001511EF /* ProjectTimelineViewController.m in Sources */ = {isa = PBXBuildFile; fileRef = 28CFCCF117A61D11001511EF /* ProjectTimelineViewController.m */; };
		28CFCCF417A61D11001511EF /* ProjectTimeline.xib in Resources */ = {isa = PBXBuildFile; fileRef = 28CFCCF217A61D11001511EF /* ProjectTimeline.xib */; };
		28CFCCF817A63187001511EF /* ProjectConfigViewController.m in Sources */ = {isa = PBXBuildFile; fileRef = 28CFCCF617A63187001511EF /* ProjectConfigViewController.m */; };
		28CFCCF917A63187001511EF /* ProjectConfig.xib in Resources */ = {isa = PBXBuildFile; fileRef = 28CFCCF717A63187001511EF /* ProjectConfig.xib */; };
		28CFCCFD17A63469001511EF /* ProjectReportViewController.m in Sources */ = {isa = PBXBuildFile; fileRef = 28CFCCFB17A63468001511EF /* ProjectReportViewController.m */; };
		28CFCCFE17A63469001511EF /* ProjectReport.xib in Resources */ = {isa = PBXBuildFile; fileRef = 28CFCCFC17A63469001511EF /* ProjectReport.xib */; };
		28CFCD0117A6466B001511EF /* NSDictionary+Color.m in Sources */ = {isa = PBXBuildFile; fileRef = 28CFCD0017A6466A001511EF /* NSDictionary+Color.m */; };
		28D0559C18003D08002F5246 /* SourceListItem.m in Sources */ = {isa = PBXBuildFile; fileRef = 28D0559B18003D08002F5246 /* SourceListItem.m */; settings = {COMPILER_FLAGS = "-fno-objc-arc"; }; };
		28D055A518003D2B002F5246 /* Movie Time.png in Resources */ = {isa = PBXBuildFile; fileRef = 28D0559F18003D2B002F5246 /* Movie Time.png */; };
		28D055A618003D2B002F5246 /* music.png in Resources */ = {isa = PBXBuildFile; fileRef = 28D055A018003D2B002F5246 /* music.png */; };
		28D055A818003D2B002F5246 /* playlistFolder.png in Resources */ = {isa = PBXBuildFile; fileRef = 28D055A218003D2B002F5246 /* playlistFolder.png */; };
		28D475E617ACE6F400C189AB /* App.m in Sources */ = {isa = PBXBuildFile; fileRef = 28D475E517ACE6F400C189AB /* App.m */; };
		28D475FC17AD3AE400C189AB /* GetSafariUrl.scpt in Resources */ = {isa = PBXBuildFile; fileRef = 28D475FB17AD3AE400C189AB /* GetSafariUrl.scpt */; };
/* End PBXBuildFile section */

/* Begin PBXContainerItemProxy section */
		2897380A17A07CAF003B18D3 /* PBXContainerItemProxy */ = {
			isa = PBXContainerItemProxy;
			containerPortal = 289737DB17A07CAF003B18D3 /* Project object */;
			proxyType = 1;
			remoteGlobalIDString = 289737E217A07CAF003B18D3;
			remoteInfo = "Time Logger";
		};
/* End PBXContainerItemProxy section */

/* Begin PBXFileReference section */
		280A807017A99239006ECD5C /* TimelineCell.h */ = {isa = PBXFileReference; fileEncoding = 4; lastKnownFileType = sourcecode.c.h; path = TimelineCell.h; sourceTree = "<group>"; };
		280A807117A99239006ECD5C /* TimelineCell.m */ = {isa = PBXFileReference; fileEncoding = 4; lastKnownFileType = sourcecode.c.objc; path = TimelineCell.m; sourceTree = "<group>"; };
		283C70C51802DF9100EB161E /* CoreServices.framework */ = {isa = PBXFileReference; lastKnownFileType = wrapper.framework; name = CoreServices.framework; path = System/Library/Frameworks/CoreServices.framework; sourceTree = SDKROOT; };
		283C70C71803067800EB161E /* Facebook.png */ = {isa = PBXFileReference; lastKnownFileType = image.png; path = Facebook.png; sourceTree = "<group>"; };
		283C70C91803074B00EB161E /* Photography.png */ = {isa = PBXFileReference; lastKnownFileType = image.png; path = Photography.png; sourceTree = "<group>"; };
		283C70CB1803092500EB161E /* YouTube.png */ = {isa = PBXFileReference; lastKnownFileType = image.png; path = YouTube.png; sourceTree = "<group>"; };
		283C70CD1803099100EB161E /* Reading Books.png */ = {isa = PBXFileReference; lastKnownFileType = image.png; path = "Reading Books.png"; sourceTree = "<group>"; };
		2854C27A17B691CC0090BD3E /* GetAppWindowName.txt */ = {isa = PBXFileReference; fileEncoding = 4; lastKnownFileType = text; name = GetAppWindowName.txt; path = AppleScripts/GetAppWindowName.txt; sourceTree = "<group>"; };
		2854C27C17B6970B0090BD3E /* GetBrowserUrl.txt */ = {isa = PBXFileReference; fileEncoding = 4; lastKnownFileType = text; name = GetBrowserUrl.txt; path = AppleScripts/GetBrowserUrl.txt; sourceTree = "<group>"; };
		2854C27F17B9B4110090BD3E /* PXSourceList.h */ = {isa = PBXFileReference; fileEncoding = 4; lastKnownFileType = sourcecode.c.h; path = PXSourceList.h; sourceTree = "<group>"; };
		2854C28017B9B4110090BD3E /* PXSourceList.m */ = {isa = PBXFileReference; fileEncoding = 4; lastKnownFileType = sourcecode.c.objc; path = PXSourceList.m; sourceTree = "<group>"; };
		2854C28117B9B4110090BD3E /* PXSourceListDataSource.h */ = {isa = PBXFileReference; fileEncoding = 4; lastKnownFileType = sourcecode.c.h; path = PXSourceListDataSource.h; sourceTree = "<group>"; };
		2854C28217B9B4110090BD3E /* PXSourceListDelegate.h */ = {isa = PBXFileReference; fileEncoding = 4; lastKnownFileType = sourcecode.c.h; path = PXSourceListDelegate.h; sourceTree = "<group>"; };
		2854C28E17BB95740090BD3E /* icons.icns */ = {isa = PBXFileReference; lastKnownFileType = image.icns; path = icons.icns; sourceTree = "<group>"; };
		285C91761853BE73009C1F6C /* ProjectApp.h */ = {isa = PBXFileReference; fileEncoding = 4; lastKnownFileType = sourcecode.c.h; path = ProjectApp.h; sourceTree = "<group>"; };
		285C91771853BE73009C1F6C /* ProjectApp.m */ = {isa = PBXFileReference; fileEncoding = 4; lastKnownFileType = sourcecode.c.objc; path = ProjectApp.m; sourceTree = "<group>"; };
		289737E317A07CAF003B18D3 /* Time Logger.app */ = {isa = PBXFileReference; explicitFileType = wrapper.application; includeInIndex = 0; path = "Time Logger.app"; sourceTree = BUILT_PRODUCTS_DIR; };
		289737E617A07CAF003B18D3 /* Cocoa.framework */ = {isa = PBXFileReference; lastKnownFileType = wrapper.framework; name = Cocoa.framework; path = System/Library/Frameworks/Cocoa.framework; sourceTree = SDKROOT; };
		289737E917A07CAF003B18D3 /* AppKit.framework */ = {isa = PBXFileReference; lastKnownFileType = wrapper.framework; name = AppKit.framework; path = System/Library/Frameworks/AppKit.framework; sourceTree = SDKROOT; };
		289737EA17A07CAF003B18D3 /* CoreData.framework */ = {isa = PBXFileReference; lastKnownFileType = wrapper.framework; name = CoreData.framework; path = System/Library/Frameworks/CoreData.framework; sourceTree = SDKROOT; };
		289737EB17A07CAF003B18D3 /* Foundation.framework */ = {isa = PBXFileReference; lastKnownFileType = wrapper.framework; name = Foundation.framework; path = System/Library/Frameworks/Foundation.framework; sourceTree = SDKROOT; };
		289737EE17A07CAF003B18D3 /* Time Logger-Info.plist */ = {isa = PBXFileReference; lastKnownFileType = text.plist.xml; path = "Time Logger-Info.plist"; sourceTree = "<group>"; };
		289737F017A07CAF003B18D3 /* en */ = {isa = PBXFileReference; lastKnownFileType = text.plist.strings; name = en; path = en.lproj/InfoPlist.strings; sourceTree = "<group>"; };
		289737F217A07CAF003B18D3 /* main.m */ = {isa = PBXFileReference; lastKnownFileType = sourcecode.c.objc; path = main.m; sourceTree = "<group>"; };
		289737F417A07CAF003B18D3 /* Time Logger-Prefix.pch */ = {isa = PBXFileReference; lastKnownFileType = sourcecode.c.h; path = "Time Logger-Prefix.pch"; sourceTree = "<group>"; };
		289737F617A07CAF003B18D3 /* en */ = {isa = PBXFileReference; lastKnownFileType = text.rtf; name = en; path = en.lproj/Credits.rtf; sourceTree = "<group>"; };
		289737F817A07CAF003B18D3 /* AppDelegate.h */ = {isa = PBXFileReference; lastKnownFileType = sourcecode.c.h; path = AppDelegate.h; sourceTree = "<group>"; };
		289737F917A07CAF003B18D3 /* AppDelegate.m */ = {isa = PBXFileReference; lastKnownFileType = sourcecode.c.objc; path = AppDelegate.m; sourceTree = "<group>"; };
		289737FC17A07CAF003B18D3 /* en */ = {isa = PBXFileReference; lastKnownFileType = file.xib; name = en; path = en.lproj/MainMenu.xib; sourceTree = "<group>"; };
		289737FF17A07CAF003B18D3 /* Time_Logger.xcdatamodel */ = {isa = PBXFileReference; lastKnownFileType = wrapper.xcdatamodel; path = Time_Logger.xcdatamodel; sourceTree = "<group>"; };
		2897380617A07CAF003B18D3 /* Time LoggerTests.octest */ = {isa = PBXFileReference; explicitFileType = wrapper.cfbundle; includeInIndex = 0; path = "Time LoggerTests.octest"; sourceTree = BUILT_PRODUCTS_DIR; };
		2897380717A07CAF003B18D3 /* SenTestingKit.framework */ = {isa = PBXFileReference; lastKnownFileType = wrapper.framework; name = SenTestingKit.framework; path = Library/Frameworks/SenTestingKit.framework; sourceTree = DEVELOPER_DIR; };
		2897380E17A07CAF003B18D3 /* Time LoggerTests-Info.plist */ = {isa = PBXFileReference; lastKnownFileType = text.plist.xml; path = "Time LoggerTests-Info.plist"; sourceTree = "<group>"; };
		2897381017A07CAF003B18D3 /* en */ = {isa = PBXFileReference; lastKnownFileType = text.plist.strings; name = en; path = en.lproj/InfoPlist.strings; sourceTree = "<group>"; };
		2897381217A07CAF003B18D3 /* Time_LoggerTests.h */ = {isa = PBXFileReference; lastKnownFileType = sourcecode.c.h; path = Time_LoggerTests.h; sourceTree = "<group>"; };
		2897381317A07CAF003B18D3 /* Time_LoggerTests.m */ = {isa = PBXFileReference; lastKnownFileType = sourcecode.c.objc; path = Time_LoggerTests.m; sourceTree = "<group>"; };
		28A27AA218206BCE0071B1E2 /* RCLog.h */ = {isa = PBXFileReference; fileEncoding = 4; lastKnownFileType = sourcecode.c.h; name = RCLog.h; path = ../../../RCLog/src/RCLog.h; sourceTree = "<group>"; };
		28A27AA318206BCE0071B1E2 /* RCLog.m */ = {isa = PBXFileReference; fileEncoding = 4; lastKnownFileType = sourcecode.c.objc; name = RCLog.m; path = ../../../RCLog/src/RCLog.m; sourceTree = "<group>"; };
		28A27AA81820717E0071B1E2 /* TimeLog.h */ = {isa = PBXFileReference; fileEncoding = 4; lastKnownFileType = sourcecode.c.h; path = TimeLog.h; sourceTree = "<group>"; };
		28A27AA91820717F0071B1E2 /* TimeLog.m */ = {isa = PBXFileReference; fileEncoding = 4; lastKnownFileType = sourcecode.c.objc; path = TimeLog.m; sourceTree = "<group>"; };
		28A27AAB1820717F0071B1E2 /* Client.h */ = {isa = PBXFileReference; fileEncoding = 4; lastKnownFileType = sourcecode.c.h; path = Client.h; sourceTree = "<group>"; };
		28A27AAC1820717F0071B1E2 /* Client.m */ = {isa = PBXFileReference; fileEncoding = 4; lastKnownFileType = sourcecode.c.objc; path = Client.m; sourceTree = "<group>"; };
		28A27AAE1820717F0071B1E2 /* Project.h */ = {isa = PBXFileReference; fileEncoding = 4; lastKnownFileType = sourcecode.c.h; path = Project.h; sourceTree = "<group>"; };
		28A27AAF1820717F0071B1E2 /* Project.m */ = {isa = PBXFileReference; fileEncoding = 4; lastKnownFileType = sourcecode.c.objc; path = Project.m; sourceTree = "<group>"; };
		28A27AB118207C5B0071B1E2 /* AppDbInitialization.h */ = {isa = PBXFileReference; fileEncoding = 4; lastKnownFileType = sourcecode.c.h; path = AppDbInitialization.h; sourceTree = "<group>"; };
		28A27AB218207C5B0071B1E2 /* AppDbInitialization.m */ = {isa = PBXFileReference; fileEncoding = 4; lastKnownFileType = sourcecode.c.objc; path = AppDbInitialization.m; sourceTree = "<group>"; };
		28CFCCE417A582F5001511EF /* ProjectsSidebarViewController.h */ = {isa = PBXFileReference; fileEncoding = 4; lastKnownFileType = sourcecode.c.h; path = ProjectsSidebarViewController.h; sourceTree = "<group>"; };
		28CFCCE517A582F5001511EF /* ProjectsSidebarViewController.m */ = {isa = PBXFileReference; fileEncoding = 4; lastKnownFileType = sourcecode.c.objc; path = ProjectsSidebarViewController.m; sourceTree = "<group>"; };
		28CFCCE617A582F5001511EF /* ProjectsSidebar.xib */ = {isa = PBXFileReference; fileEncoding = 4; lastKnownFileType = file.xib; path = ProjectsSidebar.xib; sourceTree = "<group>"; };
		28CFCCEA17A58F40001511EF /* AppDispatcher.h */ = {isa = PBXFileReference; fileEncoding = 4; lastKnownFileType = sourcecode.c.h; path = AppDispatcher.h; sourceTree = "<group>"; };
		28CFCCEB17A58F40001511EF /* AppDispatcher.m */ = {isa = PBXFileReference; fileEncoding = 4; lastKnownFileType = sourcecode.c.objc; path = AppDispatcher.m; sourceTree = "<group>"; };
		28CFCCF017A61D11001511EF /* ProjectTimelineViewController.h */ = {isa = PBXFileReference; fileEncoding = 4; lastKnownFileType = sourcecode.c.h; path = ProjectTimelineViewController.h; sourceTree = "<group>"; };
		28CFCCF117A61D11001511EF /* ProjectTimelineViewController.m */ = {isa = PBXFileReference; fileEncoding = 4; lastKnownFileType = sourcecode.c.objc; path = ProjectTimelineViewController.m; sourceTree = "<group>"; };
		28CFCCF217A61D11001511EF /* ProjectTimeline.xib */ = {isa = PBXFileReference; fileEncoding = 4; lastKnownFileType = file.xib; path = ProjectTimeline.xib; sourceTree = "<group>"; };
		28CFCCF517A63186001511EF /* ProjectConfigViewController.h */ = {isa = PBXFileReference; fileEncoding = 4; lastKnownFileType = sourcecode.c.h; path = ProjectConfigViewController.h; sourceTree = "<group>"; };
		28CFCCF617A63187001511EF /* ProjectConfigViewController.m */ = {isa = PBXFileReference; fileEncoding = 4; lastKnownFileType = sourcecode.c.objc; path = ProjectConfigViewController.m; sourceTree = "<group>"; };
		28CFCCF717A63187001511EF /* ProjectConfig.xib */ = {isa = PBXFileReference; fileEncoding = 4; lastKnownFileType = file.xib; path = ProjectConfig.xib; sourceTree = "<group>"; };
		28CFCCFA17A63468001511EF /* ProjectReportViewController.h */ = {isa = PBXFileReference; fileEncoding = 4; lastKnownFileType = sourcecode.c.h; path = ProjectReportViewController.h; sourceTree = "<group>"; };
		28CFCCFB17A63468001511EF /* ProjectReportViewController.m */ = {isa = PBXFileReference; fileEncoding = 4; lastKnownFileType = sourcecode.c.objc; path = ProjectReportViewController.m; sourceTree = "<group>"; };
		28CFCCFC17A63469001511EF /* ProjectReport.xib */ = {isa = PBXFileReference; fileEncoding = 4; lastKnownFileType = file.xib; path = ProjectReport.xib; sourceTree = "<group>"; };
		28CFCCFF17A6466A001511EF /* NSDictionary+Color.h */ = {isa = PBXFileReference; fileEncoding = 4; lastKnownFileType = sourcecode.c.h; path = "NSDictionary+Color.h"; sourceTree = "<group>"; };
		28CFCD0017A6466A001511EF /* NSDictionary+Color.m */ = {isa = PBXFileReference; fileEncoding = 4; lastKnownFileType = sourcecode.c.objc; path = "NSDictionary+Color.m"; sourceTree = "<group>"; };
		28D0559A18003D08002F5246 /* SourceListItem.h */ = {isa = PBXFileReference; fileEncoding = 4; lastKnownFileType = sourcecode.c.h; path = SourceListItem.h; sourceTree = "<group>"; };
		28D0559B18003D08002F5246 /* SourceListItem.m */ = {isa = PBXFileReference; fileEncoding = 4; lastKnownFileType = sourcecode.c.objc; path = SourceListItem.m; sourceTree = "<group>"; };
		28D0559F18003D2B002F5246 /* Movie Time.png */ = {isa = PBXFileReference; lastKnownFileType = image.png; path = "Movie Time.png"; sourceTree = "<group>"; };
		28D055A018003D2B002F5246 /* music.png */ = {isa = PBXFileReference; lastKnownFileType = image.png; path = music.png; sourceTree = "<group>"; };
		28D055A218003D2B002F5246 /* playlistFolder.png */ = {isa = PBXFileReference; lastKnownFileType = image.png; path = playlistFolder.png; sourceTree = "<group>"; };
		28D475E417ACE6F400C189AB /* App.h */ = {isa = PBXFileReference; fileEncoding = 4; lastKnownFileType = sourcecode.c.h; path = App.h; sourceTree = "<group>"; };
		28D475E517ACE6F400C189AB /* App.m */ = {isa = PBXFileReference; fileEncoding = 4; lastKnownFileType = sourcecode.c.objc; path = App.m; sourceTree = "<group>"; };
		28D475FB17AD3AE400C189AB /* GetSafariUrl.scpt */ = {isa = PBXFileReference; lastKnownFileType = file; name = GetSafariUrl.scpt; path = AppleScripts/GetSafariUrl.scpt; sourceTree = "<group>"; };
		F27A456C17A8382C003E9543 /* ProjectsSidebarCell.h */ = {isa = PBXFileReference; fileEncoding = 4; lastKnownFileType = sourcecode.c.h; path = ProjectsSidebarCell.h; sourceTree = "<group>"; };
		F27A456D17A8382C003E9543 /* ProjectsSidebarCell.m */ = {isa = PBXFileReference; fileEncoding = 4; lastKnownFileType = sourcecode.c.objc; path = ProjectsSidebarCell.m; sourceTree = "<group>"; };
/* End PBXFileReference section */

/* Begin PBXFrameworksBuildPhase section */
		289737E017A07CAF003B18D3 /* Frameworks */ = {
			isa = PBXFrameworksBuildPhase;
			buildActionMask = 2147483647;
			files = (
				283C70C61802DF9100EB161E /* CoreServices.framework in Frameworks */,
				289737E717A07CAF003B18D3 /* Cocoa.framework in Frameworks */,
			);
			runOnlyForDeploymentPostprocessing = 0;
		};
		2897380217A07CAF003B18D3 /* Frameworks */ = {
			isa = PBXFrameworksBuildPhase;
			buildActionMask = 2147483647;
			files = (
				2897380817A07CAF003B18D3 /* SenTestingKit.framework in Frameworks */,
				2897380917A07CAF003B18D3 /* Cocoa.framework in Frameworks */,
			);
			runOnlyForDeploymentPostprocessing = 0;
		};
/* End PBXFrameworksBuildPhase section */

/* Begin PBXGroup section */
		2854C27E17B6A55F0090BD3E /* Sidebar */ = {
			isa = PBXGroup;
			children = (
				28CFCCE417A582F5001511EF /* ProjectsSidebarViewController.h */,
				28CFCCE517A582F5001511EF /* ProjectsSidebarViewController.m */,
				F27A456C17A8382C003E9543 /* ProjectsSidebarCell.h */,
				F27A456D17A8382C003E9543 /* ProjectsSidebarCell.m */,
				2854C27F17B9B4110090BD3E /* PXSourceList.h */,
				2854C28017B9B4110090BD3E /* PXSourceList.m */,
				28D0559A18003D08002F5246 /* SourceListItem.h */,
				28D0559B18003D08002F5246 /* SourceListItem.m */,
				2854C28117B9B4110090BD3E /* PXSourceListDataSource.h */,
				2854C28217B9B4110090BD3E /* PXSourceListDelegate.h */,
			);
			name = Sidebar;
			sourceTree = "<group>";
		};
		289737DA17A07CAF003B18D3 = {
			isa = PBXGroup;
			children = (
				289737EC17A07CAF003B18D3 /* Time Logger */,
				2897380C17A07CAF003B18D3 /* Time LoggerTests */,
				289737E517A07CAF003B18D3 /* Frameworks */,
				289737E417A07CAF003B18D3 /* Products */,
			);
			sourceTree = "<group>";
		};
		289737E417A07CAF003B18D3 /* Products */ = {
			isa = PBXGroup;
			children = (
				289737E317A07CAF003B18D3 /* Time Logger.app */,
				2897380617A07CAF003B18D3 /* Time LoggerTests.octest */,
			);
			name = Products;
			sourceTree = "<group>";
		};
		289737E517A07CAF003B18D3 /* Frameworks */ = {
			isa = PBXGroup;
			children = (
				283C70C51802DF9100EB161E /* CoreServices.framework */,
				289737E917A07CAF003B18D3 /* AppKit.framework */,
				289737EA17A07CAF003B18D3 /* CoreData.framework */,
				289737EB17A07CAF003B18D3 /* Foundation.framework */,
				289737E617A07CAF003B18D3 /* Cocoa.framework */,
				2897380717A07CAF003B18D3 /* SenTestingKit.framework */,
			);
			name = Frameworks;
			sourceTree = "<group>";
		};
		289737EC17A07CAF003B18D3 /* Time Logger */ = {
			isa = PBXGroup;
			children = (
				289737F817A07CAF003B18D3 /* AppDelegate.h */,
				289737F917A07CAF003B18D3 /* AppDelegate.m */,
				28CFCCE917A58467001511EF /* Logic */,
				28CFCCE317A581BC001511EF /* Models */,
				28CFCCE217A581B0001511EF /* Controllers */,
				28CFCCE117A581A4001511EF /* Views */,
				289737ED17A07CAF003B18D3 /* Supporting Files */,
			);
			path = "Time Logger";
			sourceTree = "<group>";
		};
		289737ED17A07CAF003B18D3 /* Supporting Files */ = {
			isa = PBXGroup;
			children = (
				28CFCCFF17A6466A001511EF /* NSDictionary+Color.h */,
				28CFCD0017A6466A001511EF /* NSDictionary+Color.m */,
				28D475FA17AD3ACF00C189AB /* Apple scripts */,
				28EE1B7119A09B3A00763108 /* Vendor */,
				28D0559D18003D2B002F5246 /* Images */,
				2854C28E17BB95740090BD3E /* icons.icns */,
				289737EE17A07CAF003B18D3 /* Time Logger-Info.plist */,
				289737EF17A07CAF003B18D3 /* InfoPlist.strings */,
				289737F217A07CAF003B18D3 /* main.m */,
				289737F417A07CAF003B18D3 /* Time Logger-Prefix.pch */,
				289737F517A07CAF003B18D3 /* Credits.rtf */,
			);
			name = "Supporting Files";
			sourceTree = "<group>";
		};
		2897380C17A07CAF003B18D3 /* Time LoggerTests */ = {
			isa = PBXGroup;
			children = (
				2897381217A07CAF003B18D3 /* Time_LoggerTests.h */,
				2897381317A07CAF003B18D3 /* Time_LoggerTests.m */,
				2897380D17A07CAF003B18D3 /* Supporting Files */,
			);
			path = "Time LoggerTests";
			sourceTree = "<group>";
		};
		2897380D17A07CAF003B18D3 /* Supporting Files */ = {
			isa = PBXGroup;
			children = (
				2897380E17A07CAF003B18D3 /* Time LoggerTests-Info.plist */,
				2897380F17A07CAF003B18D3 /* InfoPlist.strings */,
			);
			name = "Supporting Files";
			sourceTree = "<group>";
		};
		28CFCCE117A581A4001511EF /* Views */ = {
			isa = PBXGroup;
			children = (
				289737FB17A07CAF003B18D3 /* MainMenu.xib */,
				28CFCCE617A582F5001511EF /* ProjectsSidebar.xib */,
				28CFCCF717A63187001511EF /* ProjectConfig.xib */,
				28CFCCF217A61D11001511EF /* ProjectTimeline.xib */,
				280A807017A99239006ECD5C /* TimelineCell.h */,
				280A807117A99239006ECD5C /* TimelineCell.m */,
				28CFCCFC17A63469001511EF /* ProjectReport.xib */,
			);
			name = Views;
			sourceTree = "<group>";
		};
		28CFCCE217A581B0001511EF /* Controllers */ = {
			isa = PBXGroup;
			children = (
				2854C27E17B6A55F0090BD3E /* Sidebar */,
				28CFCCF517A63186001511EF /* ProjectConfigViewController.h */,
				28CFCCF617A63187001511EF /* ProjectConfigViewController.m */,
				28CFCCF017A61D11001511EF /* ProjectTimelineViewController.h */,
				28CFCCF117A61D11001511EF /* ProjectTimelineViewController.m */,
				28CFCCFA17A63468001511EF /* ProjectReportViewController.h */,
				28CFCCFB17A63468001511EF /* ProjectReportViewController.m */,
			);
			name = Controllers;
			sourceTree = "<group>";
		};
		28CFCCE317A581BC001511EF /* Models */ = {
			isa = PBXGroup;
			children = (
				289737FE17A07CAF003B18D3 /* Time_Logger.xcdatamodeld */,
				285C91761853BE73009C1F6C /* ProjectApp.h */,
				285C91771853BE73009C1F6C /* ProjectApp.m */,
				28A27AAE1820717F0071B1E2 /* Project.h */,
				28A27AAF1820717F0071B1E2 /* Project.m */,
				28A27AAB1820717F0071B1E2 /* Client.h */,
				28A27AAC1820717F0071B1E2 /* Client.m */,
				28A27AA81820717E0071B1E2 /* TimeLog.h */,
				28A27AA91820717F0071B1E2 /* TimeLog.m */,
				28D475E417ACE6F400C189AB /* App.h */,
				28D475E517ACE6F400C189AB /* App.m */,
			);
			name = Models;
			sourceTree = "<group>";
		};
		28CFCCE917A58467001511EF /* Logic */ = {
			isa = PBXGroup;
			children = (
				28A27AB118207C5B0071B1E2 /* AppDbInitialization.h */,
				28A27AB218207C5B0071B1E2 /* AppDbInitialization.m */,
				28CFCCEA17A58F40001511EF /* AppDispatcher.h */,
				28CFCCEB17A58F40001511EF /* AppDispatcher.m */,
			);
			name = Logic;
			sourceTree = "<group>";
		};
		28D0559D18003D2B002F5246 /* Images */ = {
			isa = PBXGroup;
			children = (
				28D055A218003D2B002F5246 /* playlistFolder.png */,
				28D055A018003D2B002F5246 /* music.png */,
				28D0559F18003D2B002F5246 /* Movie Time.png */,
				283C70C71803067800EB161E /* Facebook.png */,
				283C70C91803074B00EB161E /* Photography.png */,
				283C70CB1803092500EB161E /* YouTube.png */,
				283C70CD1803099100EB161E /* Reading Books.png */,
			);
			path = Images;
			sourceTree = "<group>";
		};
		28D475FA17AD3ACF00C189AB /* Apple scripts */ = {
			isa = PBXGroup;
			children = (
				28D475FB17AD3AE400C189AB /* GetSafariUrl.scpt */,
				2854C27A17B691CC0090BD3E /* GetAppWindowName.txt */,
				2854C27C17B6970B0090BD3E /* GetBrowserUrl.txt */,
			);
			name = "Apple scripts";
			sourceTree = "<group>";
		};
		28EE1B7119A09B3A00763108 /* Vendor */ = {
			isa = PBXGroup;
			children = (
				28A27AA218206BCE0071B1E2 /* RCLog.h */,
				28A27AA318206BCE0071B1E2 /* RCLog.m */,
			);
			name = Vendor;
			sourceTree = "<group>";
		};
/* End PBXGroup section */

/* Begin PBXNativeTarget section */
		289737E217A07CAF003B18D3 /* Time Logger */ = {
			isa = PBXNativeTarget;
			buildConfigurationList = 2897381717A07CAF003B18D3 /* Build configuration list for PBXNativeTarget "Time Logger" */;
			buildPhases = (
				289737DF17A07CAF003B18D3 /* Sources */,
				289737E017A07CAF003B18D3 /* Frameworks */,
				289737E117A07CAF003B18D3 /* Resources */,
			);
			buildRules = (
			);
			dependencies = (
			);
			name = "Time Logger";
			productName = "Time Logger";
			productReference = 289737E317A07CAF003B18D3 /* Time Logger.app */;
			productType = "com.apple.product-type.application";
		};
		2897380517A07CAF003B18D3 /* Time LoggerTests */ = {
			isa = PBXNativeTarget;
			buildConfigurationList = 2897381A17A07CAF003B18D3 /* Build configuration list for PBXNativeTarget "Time LoggerTests" */;
			buildPhases = (
				2897380117A07CAF003B18D3 /* Sources */,
				2897380217A07CAF003B18D3 /* Frameworks */,
				2897380317A07CAF003B18D3 /* Resources */,
				2897380417A07CAF003B18D3 /* ShellScript */,
			);
			buildRules = (
			);
			dependencies = (
				2897380B17A07CAF003B18D3 /* PBXTargetDependency */,
			);
			name = "Time LoggerTests";
			productName = "Time LoggerTests";
			productReference = 2897380617A07CAF003B18D3 /* Time LoggerTests.octest */;
			productType = "com.apple.product-type.bundle";
		};
/* End PBXNativeTarget section */

/* Begin PBXProject section */
		289737DB17A07CAF003B18D3 /* Project object */ = {
			isa = PBXProject;
			attributes = {
				LastUpgradeCheck = 0460;
				ORGANIZATIONNAME = "Baluta Cristian";
			};
			buildConfigurationList = 289737DE17A07CAF003B18D3 /* Build configuration list for PBXProject "Time Logger" */;
			compatibilityVersion = "Xcode 3.2";
			developmentRegion = English;
			hasScannedForEncodings = 0;
			knownRegions = (
				en,
			);
			mainGroup = 289737DA17A07CAF003B18D3;
			productRefGroup = 289737E417A07CAF003B18D3 /* Products */;
			projectDirPath = "";
			projectRoot = "";
			targets = (
				289737E217A07CAF003B18D3 /* Time Logger */,
				2897380517A07CAF003B18D3 /* Time LoggerTests */,
			);
		};
/* End PBXProject section */

/* Begin PBXResourcesBuildPhase section */
		289737E117A07CAF003B18D3 /* Resources */ = {
			isa = PBXResourcesBuildPhase;
			buildActionMask = 2147483647;
			files = (
				289737F117A07CAF003B18D3 /* InfoPlist.strings in Resources */,
				289737F717A07CAF003B18D3 /* Credits.rtf in Resources */,
				289737FD17A07CAF003B18D3 /* MainMenu.xib in Resources */,
				28CFCCE817A582F5001511EF /* ProjectsSidebar.xib in Resources */,
				28CFCCF417A61D11001511EF /* ProjectTimeline.xib in Resources */,
				28CFCCF917A63187001511EF /* ProjectConfig.xib in Resources */,
				28CFCCFE17A63469001511EF /* ProjectReport.xib in Resources */,
				28D475FC17AD3AE400C189AB /* GetSafariUrl.scpt in Resources */,
				2854C27B17B691CC0090BD3E /* GetAppWindowName.txt in Resources */,
				2854C27D17B6970B0090BD3E /* GetBrowserUrl.txt in Resources */,
				2854C28F17BB95740090BD3E /* icons.icns in Resources */,
				28D055A518003D2B002F5246 /* Movie Time.png in Resources */,
				28D055A618003D2B002F5246 /* music.png in Resources */,
				28D055A818003D2B002F5246 /* playlistFolder.png in Resources */,
				283C70C81803067800EB161E /* Facebook.png in Resources */,
				283C70CA1803074B00EB161E /* Photography.png in Resources */,
				283C70CC1803092500EB161E /* YouTube.png in Resources */,
				283C70CE1803099100EB161E /* Reading Books.png in Resources */,
			);
			runOnlyForDeploymentPostprocessing = 0;
		};
		2897380317A07CAF003B18D3 /* Resources */ = {
			isa = PBXResourcesBuildPhase;
			buildActionMask = 2147483647;
			files = (
				2897381117A07CAF003B18D3 /* InfoPlist.strings in Resources */,
			);
			runOnlyForDeploymentPostprocessing = 0;
		};
/* End PBXResourcesBuildPhase section */

/* Begin PBXShellScriptBuildPhase section */
		2897380417A07CAF003B18D3 /* ShellScript */ = {
			isa = PBXShellScriptBuildPhase;
			buildActionMask = 2147483647;
			files = (
			);
			inputPaths = (
			);
			outputPaths = (
			);
			runOnlyForDeploymentPostprocessing = 0;
			shellPath = /bin/sh;
			shellScript = "# Run the unit tests in this test bundle.\n\"${SYSTEM_DEVELOPER_DIR}/Tools/RunUnitTests\"\n";
		};
/* End PBXShellScriptBuildPhase section */

/* Begin PBXSourcesBuildPhase section */
		289737DF17A07CAF003B18D3 /* Sources */ = {
			isa = PBXSourcesBuildPhase;
			buildActionMask = 2147483647;
			files = (
				289737F317A07CAF003B18D3 /* main.m in Sources */,
				289737FA17A07CAF003B18D3 /* AppDelegate.m in Sources */,
				28A27AB01820717F0071B1E2 /* Project.m in Sources */,
				2897380017A07CAF003B18D3 /* Time_Logger.xcdatamodeld in Sources */,
				28A27AA418206BCE0071B1E2 /* RCLog.m in Sources */,
				28CFCCE717A582F5001511EF /* ProjectsSidebarViewController.m in Sources */,
				28CFCCEC17A58F40001511EF /* AppDispatcher.m in Sources */,
				28CFCCF317A61D11001511EF /* ProjectTimelineViewController.m in Sources */,
				28CFCCF817A63187001511EF /* ProjectConfigViewController.m in Sources */,
				28CFCCFD17A63469001511EF /* ProjectReportViewController.m in Sources */,
				28CFCD0117A6466B001511EF /* NSDictionary+Color.m in Sources */,
				285C91781853BE73009C1F6C /* ProjectApp.m in Sources */,
				28A27AAD1820717F0071B1E2 /* Client.m in Sources */,
				28A27AAA1820717F0071B1E2 /* TimeLog.m in Sources */,
				280A807217A99239006ECD5C /* TimelineCell.m in Sources */,
				280A807317A9B106006ECD5C /* ProjectsSidebarCell.m in Sources */,
				28D475E617ACE6F400C189AB /* App.m in Sources */,
				2854C28317B9B4110090BD3E /* PXSourceList.m in Sources */,
				28D0559C18003D08002F5246 /* SourceListItem.m in Sources */,
				28A27AB318207C5B0071B1E2 /* AppDbInitialization.m in Sources */,
			);
			runOnlyForDeploymentPostprocessing = 0;
		};
		2897380117A07CAF003B18D3 /* Sources */ = {
			isa = PBXSourcesBuildPhase;
			buildActionMask = 2147483647;
			files = (
				2897381417A07CAF003B18D3 /* Time_LoggerTests.m in Sources */,
			);
			runOnlyForDeploymentPostprocessing = 0;
		};
/* End PBXSourcesBuildPhase section */

/* Begin PBXTargetDependency section */
		2897380B17A07CAF003B18D3 /* PBXTargetDependency */ = {
			isa = PBXTargetDependency;
			target = 289737E217A07CAF003B18D3 /* Time Logger */;
			targetProxy = 2897380A17A07CAF003B18D3 /* PBXContainerItemProxy */;
		};
/* End PBXTargetDependency section */

/* Begin PBXVariantGroup section */
		289737EF17A07CAF003B18D3 /* InfoPlist.strings */ = {
			isa = PBXVariantGroup;
			children = (
				289737F017A07CAF003B18D3 /* en */,
			);
			name = InfoPlist.strings;
			sourceTree = "<group>";
		};
		289737F517A07CAF003B18D3 /* Credits.rtf */ = {
			isa = PBXVariantGroup;
			children = (
				289737F617A07CAF003B18D3 /* en */,
			);
			name = Credits.rtf;
			sourceTree = "<group>";
		};
		289737FB17A07CAF003B18D3 /* MainMenu.xib */ = {
			isa = PBXVariantGroup;
			children = (
				289737FC17A07CAF003B18D3 /* en */,
			);
			name = MainMenu.xib;
			sourceTree = "<group>";
		};
		2897380F17A07CAF003B18D3 /* InfoPlist.strings */ = {
			isa = PBXVariantGroup;
			children = (
				2897381017A07CAF003B18D3 /* en */,
			);
			name = InfoPlist.strings;
			sourceTree = "<group>";
		};
/* End PBXVariantGroup section */

/* Begin XCBuildConfiguration section */
		2897381517A07CAF003B18D3 /* Debug */ = {
			isa = XCBuildConfiguration;
			buildSettings = {
				ALWAYS_SEARCH_USER_PATHS = NO;
				ARCHS = "$(ARCHS_STANDARD_64_BIT)";
				CLANG_CXX_LANGUAGE_STANDARD = "gnu++0x";
				CLANG_CXX_LIBRARY = "libc++";
				CLANG_ENABLE_OBJC_ARC = YES;
				CLANG_WARN_CONSTANT_CONVERSION = YES;
				CLANG_WARN_EMPTY_BODY = YES;
				CLANG_WARN_ENUM_CONVERSION = YES;
				CLANG_WARN_INT_CONVERSION = YES;
				CLANG_WARN__DUPLICATE_METHOD_MATCH = YES;
				COPY_PHASE_STRIP = NO;
				GCC_C_LANGUAGE_STANDARD = gnu99;
				GCC_DYNAMIC_NO_PIC = NO;
				GCC_ENABLE_OBJC_EXCEPTIONS = YES;
				GCC_OPTIMIZATION_LEVEL = 0;
				GCC_PREPROCESSOR_DEFINITIONS = (
					"DEBUG=1",
					"$(inherited)",
				);
				GCC_SYMBOLS_PRIVATE_EXTERN = NO;
				GCC_WARN_64_TO_32_BIT_CONVERSION = YES;
				GCC_WARN_ABOUT_RETURN_TYPE = YES;
				GCC_WARN_UNINITIALIZED_AUTOS = YES;
				GCC_WARN_UNUSED_VARIABLE = YES;
				MACOSX_DEPLOYMENT_TARGET = 10.7;
				ONLY_ACTIVE_ARCH = YES;
				SDKROOT = macosx;
			};
			name = Debug;
		};
		2897381617A07CAF003B18D3 /* Release */ = {
			isa = XCBuildConfiguration;
			buildSettings = {
				ALWAYS_SEARCH_USER_PATHS = NO;
				ARCHS = "$(ARCHS_STANDARD_64_BIT)";
				CLANG_CXX_LANGUAGE_STANDARD = "gnu++0x";
				CLANG_CXX_LIBRARY = "libc++";
				CLANG_ENABLE_OBJC_ARC = YES;
				CLANG_WARN_CONSTANT_CONVERSION = YES;
				CLANG_WARN_EMPTY_BODY = YES;
				CLANG_WARN_ENUM_CONVERSION = YES;
				CLANG_WARN_INT_CONVERSION = YES;
				CLANG_WARN__DUPLICATE_METHOD_MATCH = YES;
				COPY_PHASE_STRIP = YES;
				DEBUG_INFORMATION_FORMAT = "dwarf-with-dsym";
				GCC_C_LANGUAGE_STANDARD = gnu99;
				GCC_ENABLE_OBJC_EXCEPTIONS = YES;
				GCC_WARN_64_TO_32_BIT_CONVERSION = YES;
				GCC_WARN_ABOUT_RETURN_TYPE = YES;
				GCC_WARN_UNINITIALIZED_AUTOS = YES;
				GCC_WARN_UNUSED_VARIABLE = YES;
				MACOSX_DEPLOYMENT_TARGET = 10.7;
				SDKROOT = macosx;
			};
			name = Release;
		};
		2897381817A07CAF003B18D3 /* Debug */ = {
			isa = XCBuildConfiguration;
			buildSettings = {
				COMBINE_HIDPI_IMAGES = YES;
				GCC_PRECOMPILE_PREFIX_HEADER = YES;
				GCC_PREFIX_HEADER = "Time Logger/Time Logger-Prefix.pch";
				INFOPLIST_FILE = "Time Logger/Time Logger-Info.plist";
				PRODUCT_NAME = "$(TARGET_NAME)";
				WRAPPER_EXTENSION = app;
			};
			name = Debug;
		};
		2897381917A07CAF003B18D3 /* Release */ = {
			isa = XCBuildConfiguration;
			buildSettings = {
				COMBINE_HIDPI_IMAGES = YES;
				GCC_PRECOMPILE_PREFIX_HEADER = YES;
				GCC_PREFIX_HEADER = "Time Logger/Time Logger-Prefix.pch";
				INFOPLIST_FILE = "Time Logger/Time Logger-Info.plist";
				PRODUCT_NAME = "$(TARGET_NAME)";
				WRAPPER_EXTENSION = app;
			};
			name = Release;
		};
		2897381B17A07CAF003B18D3 /* Debug */ = {
			isa = XCBuildConfiguration;
			buildSettings = {
				BUNDLE_LOADER = "$(BUILT_PRODUCTS_DIR)/Time Logger.app/Contents/MacOS/Time Logger";
				COMBINE_HIDPI_IMAGES = YES;
				FRAMEWORK_SEARCH_PATHS = "\"$(DEVELOPER_LIBRARY_DIR)/Frameworks\"";
				GCC_PRECOMPILE_PREFIX_HEADER = YES;
				GCC_PREFIX_HEADER = "Time Logger/Time Logger-Prefix.pch";
				INFOPLIST_FILE = "Time LoggerTests/Time LoggerTests-Info.plist";
				PRODUCT_NAME = "$(TARGET_NAME)";
				TEST_HOST = "$(BUNDLE_LOADER)";
				WRAPPER_EXTENSION = octest;
			};
			name = Debug;
		};
		2897381C17A07CAF003B18D3 /* Release */ = {
			isa = XCBuildConfiguration;
			buildSettings = {
				BUNDLE_LOADER = "$(BUILT_PRODUCTS_DIR)/Time Logger.app/Contents/MacOS/Time Logger";
				COMBINE_HIDPI_IMAGES = YES;
				FRAMEWORK_SEARCH_PATHS = "\"$(DEVELOPER_LIBRARY_DIR)/Frameworks\"";
				GCC_PRECOMPILE_PREFIX_HEADER = YES;
				GCC_PREFIX_HEADER = "Time Logger/Time Logger-Prefix.pch";
				INFOPLIST_FILE = "Time LoggerTests/Time LoggerTests-Info.plist";
				PRODUCT_NAME = "$(TARGET_NAME)";
				TEST_HOST = "$(BUNDLE_LOADER)";
				WRAPPER_EXTENSION = octest;
			};
			name = Release;
		};
/* End XCBuildConfiguration section */

/* Begin XCConfigurationList section */
		289737DE17A07CAF003B18D3 /* Build configuration list for PBXProject "Time Logger" */ = {
			isa = XCConfigurationList;
			buildConfigurations = (
				2897381517A07CAF003B18D3 /* Debug */,
				2897381617A07CAF003B18D3 /* Release */,
			);
			defaultConfigurationIsVisible = 0;
			defaultConfigurationName = Release;
		};
		2897381717A07CAF003B18D3 /* Build configuration list for PBXNativeTarget "Time Logger" */ = {
			isa = XCConfigurationList;
			buildConfigurations = (
				2897381817A07CAF003B18D3 /* Debug */,
				2897381917A07CAF003B18D3 /* Release */,
			);
			defaultConfigurationIsVisible = 0;
			defaultConfigurationName = Release;
		};
		2897381A17A07CAF003B18D3 /* Build configuration list for PBXNativeTarget "Time LoggerTests" */ = {
			isa = XCConfigurationList;
			buildConfigurations = (
				2897381B17A07CAF003B18D3 /* Debug */,
				2897381C17A07CAF003B18D3 /* Release */,
			);
			defaultConfigurationIsVisible = 0;
			defaultConfigurationName = Release;
		};
/* End XCConfigurationList section */

/* Begin XCVersionGroup section */
		289737FE17A07CAF003B18D3 /* Time_Logger.xcdatamodeld */ = {
			isa = XCVersionGroup;
			children = (
				289737FF17A07CAF003B18D3 /* Time_Logger.xcdatamodel */,
			);
			currentVersion = 289737FF17A07CAF003B18D3 /* Time_Logger.xcdatamodel */;
			path = Time_Logger.xcdatamodeld;
			sourceTree = "<group>";
			versionGroupType = wrapper.xcdatamodel;
		};
/* End XCVersionGroup section */
	};
	rootObject = 289737DB17A07CAF003B18D3 /* Project object */;
}
